Microsoft Visual Studio Solution File, Format Version 12.00
# Visual Studio 15
VisualStudioVersion = 15.0.26228.12
MinimumVisualStudioVersion = 10.0.40219.1
Project("{FAE04EC0-301F-11D3-BF4B-00C04F79EFBC}") = "share", "share\share.csproj", "{39D6E2DC-FCAE-492C-8625-E21275DC5F7A}"
EndProject
Project("{FAE04EC0-301F-11D3-BF4B-00C04F79EFBC}") = "share.iOS", "iOS\share.iOS.csproj", "{5F12D0BB-FD11-455D-9529-947D5F336831}"
EndProject
Project("{FAE04EC0-301F-11D3-BF4B-00C04F79EFBC}") = "share.Droid", "Droid\share.Droid.csproj", "{BB64B759-DA2D-4DF7-AFEE-8F665A6718B1}"
EndProject
Global
	GlobalSection(SolutionConfigurationPlatforms) = preSolution
		Debug|Any CPU = Debug|Any CPU
		Debug|iPhone = Debug|iPhone
		Debug|iPhoneSimulator = Debug|iPhoneSimulator
		Release|Any CPU = Release|Any CPU
		Release|iPhone = Release|iPhone
		Release|iPhoneSimulator = Release|iPhoneSimulator
	EndGlobalSection
	GlobalSection(ProjectConfigurationPlatforms) = postSolution
		{39D6E2DC-FCAE-492C-8625-E21275DC5F7A}.Debug|Any CPU.ActiveCfg = Debug|Any CPU
		{39D6E2DC-FCAE-492C-8625-E21275DC5F7A}.Debug|Any CPU.Build.0 = Debug|Any CPU
		{39D6E2DC-FCAE-492C-8625-E21275DC5F7A}.Debug|iPhone.ActiveCfg = Debug|Any CPU
		{39D6E2DC-FCAE-492C-8625-E21275DC5F7A}.Debug|iPhone.Build.0 = Debug|Any CPU
		{39D6E2DC-FCAE-492C-8625-E21275DC5F7A}.Debug|iPhoneSimulator.ActiveCfg = Debug|Any CPU
		{39D6E2DC-FCAE-492C-8625-E21275DC5F7A}.Debug|iPhoneSimulator.Build.0 = Debug|Any CPU
		{39D6E2DC-FCAE-492C-8625-E21275DC5F7A}.Release|Any CPU.ActiveCfg = Release|Any CPU
		{39D6E2DC-FCAE-492C-8625-E21275DC5F7A}.Release|Any CPU.Build.0 = Release|Any CPU
		{39D6E2DC-FCAE-492C-8625-E21275DC5F7A}.Release|iPhone.ActiveCfg = Release|Any CPU
		{39D6E2DC-FCAE-492C-8625-E21275DC5F7A}.Release|iPhone.Build.0 = Release|Any CPU
		{39D6E2DC-FCAE-492C-8625-E21275DC5F7A}.Release|iPhoneSimulator.ActiveCfg = Release|Any CPU
		{39D6E2DC-FCAE-492C-8625-E21275DC5F7A}.Release|iPhoneSimulator.Build.0 = Release|Any CPU
		{5F12D0BB-FD11-455D-9529-947D5F336831}.Debug|Any CPU.ActiveCfg = Debug|iPhoneSimulator
		{5F12D0BB-FD11-455D-9529-947D5F336831}.Debug|Any CPU.Build.0 = Debug|iPhoneSimulator
		{5F12D0BB-FD11-455D-9529-947D5F336831}.Debug|iPhone.ActiveCfg = Debug|iPhone
		{5F12D0BB-FD11-455D-9529-947D5F336831}.Debug|iPhone.Build.0 = Debug|iPhone
		{5F12D0BB-FD11-455D-9529-947D5F336831}.Debug|iPhoneSimulator.ActiveCfg = Debug|iPhoneSimulator
		{5F12D0BB-FD11-455D-9529-947D5F336831}.Debug|iPhoneSimulator.Build.0 = Debug|iPhoneSimulator
		{5F12D0BB-FD11-455D-9529-947D5F336831}.Release|Any CPU.ActiveCfg = Release|iPhone
		{5F12D0BB-FD11-455D-9529-947D5F336831}.Release|Any CPU.Build.0 = Release|iPhone
		{5F12D0BB-FD11-455D-9529-947D5F336831}.Release|iPhone.ActiveCfg = Release|iPhone
		{5F12D0BB-FD11-455D-9529-947D5F336831}.Release|iPhone.Build.0 = Release|iPhone
		{5F12D0BB-FD11-455D-9529-947D5F336831}.Release|iPhoneSimulator.ActiveCfg = Release|iPhoneSimulator
		{5F12D0BB-FD11-455D-9529-947D5F336831}.Release|iPhoneSimulator.Build.0 = Release|iPhoneSimulator
		{BB64B759-DA2D-4DF7-AFEE-8F665A6718B1}.Debug|Any CPU.ActiveCfg = Debug|Any CPU
		{BB64B759-DA2D-4DF7-AFEE-8F665A6718B1}.Debug|Any CPU.Build.0 = Debug|Any CPU
		{BB64B759-DA2D-4DF7-AFEE-8F665A6718B1}.Debug|Any CPU.Deploy.0 = Debug|Any CPU
		{BB64B759-DA2D-4DF7-AFEE-8F665A6718B1}.Debug|iPhone.ActiveCfg = Debug|Any CPU
		{BB64B759-DA2D-4DF7-AFEE-8F665A6718B1}.Debug|iPhone.Build.0 = Debug|Any CPU
		{BB64B759-DA2D-4DF7-AFEE-8F665A6718B1}.Debug|iPhoneSimulator.ActiveCfg = Debug|Any CPU
		{BB64B759-DA2D-4DF7-AFEE-8F665A6718B1}.Debug|iPhoneSimulator.Build.0 = Debug|Any CPU
		{BB64B759-DA2D-4DF7-AFEE-8F665A6718B1}.Release|Any CPU.ActiveCfg = Release|Any CPU
		{BB64B759-DA2D-4DF7-AFEE-8F665A6718B1}.Release|Any CPU.Build.0 = Release|Any CPU
		{BB64B759-DA2D-4DF7-AFEE-8F665A6718B1}.Release|iPhone.ActiveCfg = Release|Any CPU
		{BB64B759-DA2D-4DF7-AFEE-8F665A6718B1}.Release|iPhone.Build.0 = Release|Any CPU
		{BB64B759-DA2D-4DF7-AFEE-8F665A6718B1}.Release|iPhoneSimulator.ActiveCfg = Release|Any CPU
		{BB64B759-DA2D-4DF7-AFEE-8F665A6718B1}.Release|iPhoneSimulator.Build.0 = Release|Any CPU
	EndGlobalSection
	GlobalSection(SolutionProperties) = preSolution
		HideSolutionNode = FALSE
	EndGlobalSection
EndGlobal
